
Microsoft Visual Studio Solution File, Format Version 11.00
# Visual Studio 2010
Project("{FAE04EC0-301F-11D3-BF4B-00C04F79EFBC}") = "c416e10811edf2e43b2539ce4b53eca8", "Assembly-CSharp.csproj", "{F367C585-BED1-2AA4-E63E-896680571611}"
EndProject
Project("{FAE04EC0-301F-11D3-BF4B-00C04F79EFBC}") = "c416e10811edf2e43b2539ce4b53eca8", "Assembly-CSharp-Editor.csproj", "{73A344EF-8142-A9F3-1E7B-69C5B7A82E66}"
EndProject
Global
	GlobalSection(SolutionConfigurationPlatforms) = preSolution
		Debug|Any CPU = Debug|Any CPU
		Release|Any CPU = Release|Any CPU
	EndGlobalSection
	GlobalSection(ProjectConfigurationPlatforms) = postSolution
		{F367C585-BED1-2AA4-E63E-896680571611}.Debug|Any CPU.ActiveCfg = Debug|Any CPU
		{F367C585-BED1-2AA4-E63E-896680571611}.Debug|Any CPU.Build.0 = Debug|Any CPU
		{F367C585-BED1-2AA4-E63E-896680571611}.Release|Any CPU.ActiveCfg = Release|Any CPU
		{F367C585-BED1-2AA4-E63E-896680571611}.Release|Any CPU.Build.0 = Release|Any CPU
		{73A344EF-8142-A9F3-1E7B-69C5B7A82E66}.Debug|Any CPU.ActiveCfg = Debug|Any CPU
		{73A344EF-8142-A9F3-1E7B-69C5B7A82E66}.Debug|Any CPU.Build.0 = Debug|Any CPU
		{73A344EF-8142-A9F3-1E7B-69C5B7A82E66}.Release|Any CPU.ActiveCfg = Release|Any CPU
		{73A344EF-8142-A9F3-1E7B-69C5B7A82E66}.Release|Any CPU.Build.0 = Release|Any CPU
	EndGlobalSection
	GlobalSection(SolutionProperties) = preSolution
		HideSolutionNode = FALSE
	EndGlobalSection
	GlobalSection(MonoDevelopProperties) = preSolution
		StartupItem = Assembly-CSharp.csproj
	EndGlobalSection
EndGlobal
